
Microsoft Visual Studio Solution File, Format Version 12.00
# Visual Studio Version 16
VisualStudioVersion = 16.0.30711.63
MinimumVisualStudioVersion = 10.0.40219.1
Project("{9A19103F-16F7-4668-BE54-9A1E7A4F7556}") = "simple-crud", "simple-crud.csproj", "{972F57BA-5E0A-4FDA-A647-C97FD43A12BA}"
EndProject
Project("{FAE04EC0-301F-11D3-BF4B-00C04F79EFBC}") = "Tests", "..\Tests\Tests.csproj", "{52CD75CE-5095-4DD7-99A7-ED6B96F112EA}"
EndProject
Global
	GlobalSection(SolutionConfigurationPlatforms) = preSolution
		Debug|Any CPU = Debug|Any CPU
		Release|Any CPU = Release|Any CPU
	EndGlobalSection
	GlobalSection(ProjectConfigurationPlatforms) = postSolution
		{972F57BA-5E0A-4FDA-A647-C97FD43A12BA}.Debug|Any CPU.ActiveCfg = Debug|Any CPU
		{972F57BA-5E0A-4FDA-A647-C97FD43A12BA}.Debug|Any CPU.Build.0 = Debug|Any CPU
		{972F57BA-5E0A-4FDA-A647-C97FD43A12BA}.Release|Any CPU.ActiveCfg = Release|Any CPU
		{972F57BA-5E0A-4FDA-A647-C97FD43A12BA}.Release|Any CPU.Build.0 = Release|Any CPU
		{52CD75CE-5095-4DD7-99A7-ED6B96F112EA}.Debug|Any CPU.ActiveCfg = Debug|Any CPU
		{52CD75CE-5095-4DD7-99A7-ED6B96F112EA}.Debug|Any CPU.Build.0 = Debug|Any CPU
		{52CD75CE-5095-4DD7-99A7-ED6B96F112EA}.Release|Any CPU.ActiveCfg = Release|Any CPU
		{52CD75CE-5095-4DD7-99A7-ED6B96F112EA}.Release|Any CPU.Build.0 = Release|Any CPU
	EndGlobalSection
	GlobalSection(SolutionProperties) = preSolution
		HideSolutionNode = FALSE
	EndGlobalSection
	GlobalSection(ExtensibilityGlobals) = postSolution
		SolutionGuid = {504AE8C4-3982-4AA8-8A96-DC4316465664}
	EndGlobalSection
EndGlobal
